
Microsoft Visual Studio Solution File, Format Version 12.00
# Visual Studio Version 17
VisualStudioVersion = 17.0.31903.59
MinimumVisualStudioVersion = 10.0.40219.1
Project("{2150E333-8FDC-42A3-9474-1A3956D46DE8}") = "Gatherly.Client", "Gatherly.Client", "{02EA681E-C7D8-13C7-8484-4AC65E1B71E8}"
EndProject
Project("{2150E333-8FDC-42A3-9474-1A3956D46DE8}") = "Gatherly.Server", "Gatherly.Server", "{050BE866-6740-4100-AA84-A0E629365F57}"
EndProject
Project("{2150E333-8FDC-42A3-9474-1A3956D46DE8}") = "Bootstrapper", "Bootstrapper", "{DCFDD969-859F-43BB-91B7-DB3BDF245754}"
EndProject
Project("{2150E333-8FDC-42A3-9474-1A3956D46DE8}") = "Core", "Core", "{B396DAFF-4158-4D19-8B08-D4FADAF4A21B}"
EndProject
Project("{2150E333-8FDC-42A3-9474-1A3956D46DE8}") = "External", "External", "{7376ECD0-CE1A-465C-BED0-EA42768F5375}"
EndProject
Project("{2150E333-8FDC-42A3-9474-1A3956D46DE8}") = "src", "src", "{13FC6660-506E-45A0-9E62-9602E096E6B1}"
EndProject
Project("{2150E333-8FDC-42A3-9474-1A3956D46DE8}") = "tests", "tests", "{571137F3-8B2E-40A5-9F60-1F277756FC94}"
EndProject
Project("{FAE04EC0-301F-11D3-BF4B-00C04F79EFBC}") = "Web.Api", "Gatherly.Server\src\Bootstrapper\Web.Api\Web.Api.csproj", "{33B2FEED-6512-320B-005B-892CFCA76405}"
EndProject
Project("{FAE04EC0-301F-11D3-BF4B-00C04F79EFBC}") = "Domain", "Gatherly.Server\src\Core\Domain\Domain.csproj", "{45E9EB6E-B80E-A044-5D2E-C6F0A821078E}"
EndProject
Project("{FAE04EC0-301F-11D3-BF4B-00C04F79EFBC}") = "Application", "Gatherly.Server\src\Core\Application\Application.csproj", "{3D513DDF-CE87-48FD-FE51-B4A5253FBFF2}"
EndProject
Project("{FAE04EC0-301F-11D3-BF4B-00C04F79EFBC}") = "Infrastructure", "Gatherly.Server\src\External\Infrastructure\Infrastructure.csproj", "{FCC5BCA6-4240-F042-C29D-C8AC4C53A7F9}"
EndProject
Project("{FAE04EC0-301F-11D3-BF4B-00C04F79EFBC}") = "Persistence", "Gatherly.Server\src\External\Persistence\Persistence.csproj", "{535E4888-110F-D4E2-4840-C185F893590F}"
EndProject
Project("{FAE04EC0-301F-11D3-BF4B-00C04F79EFBC}") = "Presentation", "Gatherly.Server\src\External\Presentation\Presentation.csproj", "{C120FBF3-BE65-0128-CD3D-BFA28C19CEDE}"
EndProject
Project("{FAE04EC0-301F-11D3-BF4B-00C04F79EFBC}") = "Architecture.Tests", "Gatherly.Server\tests\Architecture.Tests\Architecture.Tests.csproj", "{BB5EC5A4-A828-AE29-995C-08BA1254B4F4}"
EndProject
Global
	GlobalSection(SolutionConfigurationPlatforms) = preSolution
		Debug|Any CPU = Debug|Any CPU
		Release|Any CPU = Release|Any CPU
	EndGlobalSection
	GlobalSection(ProjectConfigurationPlatforms) = postSolution
		{33B2FEED-6512-320B-005B-892CFCA76405}.Debug|Any CPU.ActiveCfg = Debug|Any CPU
		{33B2FEED-6512-320B-005B-892CFCA76405}.Debug|Any CPU.Build.0 = Debug|Any CPU
		{33B2FEED-6512-320B-005B-892CFCA76405}.Release|Any CPU.ActiveCfg = Release|Any CPU
		{33B2FEED-6512-320B-005B-892CFCA76405}.Release|Any CPU.Build.0 = Release|Any CPU
		{45E9EB6E-B80E-A044-5D2E-C6F0A821078E}.Debug|Any CPU.ActiveCfg = Debug|Any CPU
		{45E9EB6E-B80E-A044-5D2E-C6F0A821078E}.Debug|Any CPU.Build.0 = Debug|Any CPU
		{45E9EB6E-B80E-A044-5D2E-C6F0A821078E}.Release|Any CPU.ActiveCfg = Release|Any CPU
		{45E9EB6E-B80E-A044-5D2E-C6F0A821078E}.Release|Any CPU.Build.0 = Release|Any CPU
		{3D513DDF-CE87-48FD-FE51-B4A5253FBFF2}.Debug|Any CPU.ActiveCfg = Debug|Any CPU
		{3D513DDF-CE87-48FD-FE51-B4A5253FBFF2}.Debug|Any CPU.Build.0 = Debug|Any CPU
		{3D513DDF-CE87-48FD-FE51-B4A5253FBFF2}.Release|Any CPU.ActiveCfg = Release|Any CPU
		{3D513DDF-CE87-48FD-FE51-B4A5253FBFF2}.Release|Any CPU.Build.0 = Release|Any CPU
		{FCC5BCA6-4240-F042-C29D-C8AC4C53A7F9}.Debug|Any CPU.ActiveCfg = Debug|Any CPU
		{FCC5BCA6-4240-F042-C29D-C8AC4C53A7F9}.Debug|Any CPU.Build.0 = Debug|Any CPU
		{FCC5BCA6-4240-F042-C29D-C8AC4C53A7F9}.Release|Any CPU.ActiveCfg = Release|Any CPU
		{FCC5BCA6-4240-F042-C29D-C8AC4C53A7F9}.Release|Any CPU.Build.0 = Release|Any CPU
		{535E4888-110F-D4E2-4840-C185F893590F}.Debug|Any CPU.ActiveCfg = Debug|Any CPU
		{535E4888-110F-D4E2-4840-C185F893590F}.Debug|Any CPU.Build.0 = Debug|Any CPU
		{535E4888-110F-D4E2-4840-C185F893590F}.Release|Any CPU.ActiveCfg = Release|Any CPU
		{535E4888-110F-D4E2-4840-C185F893590F}.Release|Any CPU.Build.0 = Release|Any CPU
		{C120FBF3-BE65-0128-CD3D-BFA28C19CEDE}.Debug|Any CPU.ActiveCfg = Debug|Any CPU
		{C120FBF3-BE65-0128-CD3D-BFA28C19CEDE}.Debug|Any CPU.Build.0 = Debug|Any CPU
		{C120FBF3-BE65-0128-CD3D-BFA28C19CEDE}.Release|Any CPU.ActiveCfg = Release|Any CPU
		{C120FBF3-BE65-0128-CD3D-BFA28C19CEDE}.Release|Any CPU.Build.0 = Release|Any CPU
		{BB5EC5A4-A828-AE29-995C-08BA1254B4F4}.Debug|Any CPU.ActiveCfg = Debug|Any CPU
		{BB5EC5A4-A828-AE29-995C-08BA1254B4F4}.Debug|Any CPU.Build.0 = Debug|Any CPU
		{BB5EC5A4-A828-AE29-995C-08BA1254B4F4}.Release|Any CPU.ActiveCfg = Release|Any CPU
		{BB5EC5A4-A828-AE29-995C-08BA1254B4F4}.Release|Any CPU.Build.0 = Release|Any CPU
	EndGlobalSection
	GlobalSection(SolutionProperties) = preSolution
		HideSolutionNode = FALSE
	EndGlobalSection
	GlobalSection(NestedProjects) = preSolution
		{DCFDD969-859F-43BB-91B7-DB3BDF245754} = {13FC6660-506E-45A0-9E62-9602E096E6B1}
		{B396DAFF-4158-4D19-8B08-D4FADAF4A21B} = {13FC6660-506E-45A0-9E62-9602E096E6B1}
		{7376ECD0-CE1A-465C-BED0-EA42768F5375} = {13FC6660-506E-45A0-9E62-9602E096E6B1}
		{13FC6660-506E-45A0-9E62-9602E096E6B1} = {050BE866-6740-4100-AA84-A0E629365F57}
		{571137F3-8B2E-40A5-9F60-1F277756FC94} = {050BE866-6740-4100-AA84-A0E629365F57}
		{33B2FEED-6512-320B-005B-892CFCA76405} = {DCFDD969-859F-43BB-91B7-DB3BDF245754}
		{45E9EB6E-B80E-A044-5D2E-C6F0A821078E} = {B396DAFF-4158-4D19-8B08-D4FADAF4A21B}
		{3D513DDF-CE87-48FD-FE51-B4A5253FBFF2} = {B396DAFF-4158-4D19-8B08-D4FADAF4A21B}
		{FCC5BCA6-4240-F042-C29D-C8AC4C53A7F9} = {7376ECD0-CE1A-465C-BED0-EA42768F5375}
		{535E4888-110F-D4E2-4840-C185F893590F} = {7376ECD0-CE1A-465C-BED0-EA42768F5375}
		{C120FBF3-BE65-0128-CD3D-BFA28C19CEDE} = {7376ECD0-CE1A-465C-BED0-EA42768F5375}
		{BB5EC5A4-A828-AE29-995C-08BA1254B4F4} = {571137F3-8B2E-40A5-9F60-1F277756FC94}
	EndGlobalSection
	GlobalSection(ExtensibilityGlobals) = postSolution
		SolutionGuid = {16BC4107-4BCA-4720-A4B6-A59F993E00E9}
	EndGlobalSection
EndGlobal
