
Microsoft Visual Studio Solution File, Format Version 12.00
# Visual Studio Version 17
VisualStudioVersion = 17.14.36202.13
MinimumVisualStudioVersion = 10.0.40219.1
Project("{2150E333-8FDC-42A3-9474-1A3956D46DE8}") = "src", "src", "{02EA681E-C7D8-13C7-8484-4AC65E1B71E8}"
EndProject
Project("{2150E333-8FDC-42A3-9474-1A3956D46DE8}") = "Core", "Core", "{15BDD320-7461-43AC-91B2-18AE1C47C04C}"
EndProject
Project("{FAE04EC0-301F-11D3-BF4B-00C04F79EFBC}") = "Domain", "src\Core\Domain\Domain.csproj", "{BCEC9338-E706-4DC7-BD3C-EABC19D384E8}"
EndProject
Project("{FAE04EC0-301F-11D3-BF4B-00C04F79EFBC}") = "Application", "src\Core\Application\Application.csproj", "{54A8C120-CCD2-43E9-A5A6-828DA488ACAB}"
EndProject
Project("{2150E333-8FDC-42A3-9474-1A3956D46DE8}") = "tests", "tests", "{4A52D602-525F-4852-92D2-15E2595DECC1}"
EndProject
Project("{2150E333-8FDC-42A3-9474-1A3956D46DE8}") = "External", "External", "{61CD4D38-7F39-454D-8E46-2378F4E4621E}"
EndProject
Project("{FAE04EC0-301F-11D3-BF4B-00C04F79EFBC}") = "Infrastructure", "src\External\Infrastructure\Infrastructure.csproj", "{64DA881B-6E59-43CE-BB67-91CB66424B2C}"
EndProject
Project("{FAE04EC0-301F-11D3-BF4B-00C04F79EFBC}") = "Persistence", "src\External\Persistence\Persistence.csproj", "{221E1F2E-1BBE-4BD7-B019-884C3486E979}"
EndProject
Project("{FAE04EC0-301F-11D3-BF4B-00C04F79EFBC}") = "Presentation", "src\External\Presentation\Presentation.csproj", "{71D6CFFF-EA27-4052-85E2-D1CECA7A70AC}"
EndProject
Project("{2150E333-8FDC-42A3-9474-1A3956D46DE8}") = "Bootstrapper", "Bootstrapper", "{C6105BE4-FF8B-4A91-8270-52AF4A9A9B1C}"
EndProject
Project("{FAE04EC0-301F-11D3-BF4B-00C04F79EFBC}") = "Web.Api", "src\Bootstrapper\Web.Api\Web.Api.csproj", "{E4ACCC72-028D-4795-A31C-2CA00A454441}"
EndProject
Project("{FAE04EC0-301F-11D3-BF4B-00C04F79EFBC}") = "Architecture.Tests", "tests\Architecture.Tests\Architecture.Tests.csproj", "{B105F71F-D1C8-4ACC-AD6B-85F43EFC6306}"
EndProject
Global
	GlobalSection(SolutionConfigurationPlatforms) = preSolution
		Debug|Any CPU = Debug|Any CPU
		Release|Any CPU = Release|Any CPU
	EndGlobalSection
	GlobalSection(ProjectConfigurationPlatforms) = postSolution
		{BCEC9338-E706-4DC7-BD3C-EABC19D384E8}.Debug|Any CPU.ActiveCfg = Debug|Any CPU
		{BCEC9338-E706-4DC7-BD3C-EABC19D384E8}.Debug|Any CPU.Build.0 = Debug|Any CPU
		{BCEC9338-E706-4DC7-BD3C-EABC19D384E8}.Release|Any CPU.ActiveCfg = Release|Any CPU
		{BCEC9338-E706-4DC7-BD3C-EABC19D384E8}.Release|Any CPU.Build.0 = Release|Any CPU
		{54A8C120-CCD2-43E9-A5A6-828DA488ACAB}.Debug|Any CPU.ActiveCfg = Debug|Any CPU
		{54A8C120-CCD2-43E9-A5A6-828DA488ACAB}.Debug|Any CPU.Build.0 = Debug|Any CPU
		{54A8C120-CCD2-43E9-A5A6-828DA488ACAB}.Release|Any CPU.ActiveCfg = Release|Any CPU
		{54A8C120-CCD2-43E9-A5A6-828DA488ACAB}.Release|Any CPU.Build.0 = Release|Any CPU
		{64DA881B-6E59-43CE-BB67-91CB66424B2C}.Debug|Any CPU.ActiveCfg = Debug|Any CPU
		{64DA881B-6E59-43CE-BB67-91CB66424B2C}.Debug|Any CPU.Build.0 = Debug|Any CPU
		{64DA881B-6E59-43CE-BB67-91CB66424B2C}.Release|Any CPU.ActiveCfg = Release|Any CPU
		{64DA881B-6E59-43CE-BB67-91CB66424B2C}.Release|Any CPU.Build.0 = Release|Any CPU
		{221E1F2E-1BBE-4BD7-B019-884C3486E979}.Debug|Any CPU.ActiveCfg = Debug|Any CPU
		{221E1F2E-1BBE-4BD7-B019-884C3486E979}.Debug|Any CPU.Build.0 = Debug|Any CPU
		{221E1F2E-1BBE-4BD7-B019-884C3486E979}.Release|Any CPU.ActiveCfg = Release|Any CPU
		{221E1F2E-1BBE-4BD7-B019-884C3486E979}.Release|Any CPU.Build.0 = Release|Any CPU
		{71D6CFFF-EA27-4052-85E2-D1CECA7A70AC}.Debug|Any CPU.ActiveCfg = Debug|Any CPU
		{71D6CFFF-EA27-4052-85E2-D1CECA7A70AC}.Debug|Any CPU.Build.0 = Debug|Any CPU
		{71D6CFFF-EA27-4052-85E2-D1CECA7A70AC}.Release|Any CPU.ActiveCfg = Release|Any CPU
		{71D6CFFF-EA27-4052-85E2-D1CECA7A70AC}.Release|Any CPU.Build.0 = Release|Any CPU
		{E4ACCC72-028D-4795-A31C-2CA00A454441}.Debug|Any CPU.ActiveCfg = Debug|Any CPU
		{E4ACCC72-028D-4795-A31C-2CA00A454441}.Debug|Any CPU.Build.0 = Debug|Any CPU
		{E4ACCC72-028D-4795-A31C-2CA00A454441}.Release|Any CPU.ActiveCfg = Release|Any CPU
		{E4ACCC72-028D-4795-A31C-2CA00A454441}.Release|Any CPU.Build.0 = Release|Any CPU
		{B105F71F-D1C8-4ACC-AD6B-85F43EFC6306}.Debug|Any CPU.ActiveCfg = Debug|Any CPU
		{B105F71F-D1C8-4ACC-AD6B-85F43EFC6306}.Debug|Any CPU.Build.0 = Debug|Any CPU
		{B105F71F-D1C8-4ACC-AD6B-85F43EFC6306}.Release|Any CPU.ActiveCfg = Release|Any CPU
		{B105F71F-D1C8-4ACC-AD6B-85F43EFC6306}.Release|Any CPU.Build.0 = Release|Any CPU
	EndGlobalSection
	GlobalSection(SolutionProperties) = preSolution
		HideSolutionNode = FALSE
	EndGlobalSection
	GlobalSection(NestedProjects) = preSolution
		{15BDD320-7461-43AC-91B2-18AE1C47C04C} = {02EA681E-C7D8-13C7-8484-4AC65E1B71E8}
		{BCEC9338-E706-4DC7-BD3C-EABC19D384E8} = {15BDD320-7461-43AC-91B2-18AE1C47C04C}
		{54A8C120-CCD2-43E9-A5A6-828DA488ACAB} = {15BDD320-7461-43AC-91B2-18AE1C47C04C}
		{61CD4D38-7F39-454D-8E46-2378F4E4621E} = {02EA681E-C7D8-13C7-8484-4AC65E1B71E8}
		{64DA881B-6E59-43CE-BB67-91CB66424B2C} = {61CD4D38-7F39-454D-8E46-2378F4E4621E}
		{221E1F2E-1BBE-4BD7-B019-884C3486E979} = {61CD4D38-7F39-454D-8E46-2378F4E4621E}
		{71D6CFFF-EA27-4052-85E2-D1CECA7A70AC} = {61CD4D38-7F39-454D-8E46-2378F4E4621E}
		{C6105BE4-FF8B-4A91-8270-52AF4A9A9B1C} = {02EA681E-C7D8-13C7-8484-4AC65E1B71E8}
		{E4ACCC72-028D-4795-A31C-2CA00A454441} = {C6105BE4-FF8B-4A91-8270-52AF4A9A9B1C}
		{B105F71F-D1C8-4ACC-AD6B-85F43EFC6306} = {4A52D602-525F-4852-92D2-15E2595DECC1}
	EndGlobalSection
	GlobalSection(ExtensibilityGlobals) = postSolution
		SolutionGuid = {42818291-6F2D-442B-B455-359D562A0932}
	EndGlobalSection
EndGlobal
